
Microsoft Visual Studio Solution File, Format Version 12.00
# Visual Studio Version 17
VisualStudioVersion = 17.4.33213.308
MinimumVisualStudioVersion = 10.0.40219.1
Project("{FAE04EC0-301F-11D3-BF4B-00C04F79EFBC}") = "ClubInterface", "ClubInterface.csproj", "{413FD02A-B5A9-4C39-A4C6-F5C0994922D3}"
EndProject
Global
	GlobalSection(SolutionConfigurationPlatforms) = preSolution
		Debug|Any CPU = Debug|Any CPU
		Release|Any CPU = Release|Any CPU
	EndGlobalSection
	GlobalSection(ProjectConfigurationPlatforms) = postSolution
		{413FD02A-B5A9-4C39-A4C6-F5C0994922D3}.Debug|Any CPU.ActiveCfg = Debug|Any CPU
		{413FD02A-B5A9-4C39-A4C6-F5C0994922D3}.Debug|Any CPU.Build.0 = Debug|Any CPU
		{413FD02A-B5A9-4C39-A4C6-F5C0994922D3}.Release|Any CPU.ActiveCfg = Release|Any CPU
		{413FD02A-B5A9-4C39-A4C6-F5C0994922D3}.Release|Any CPU.Build.0 = Release|Any CPU
	EndGlobalSection
	GlobalSection(SolutionProperties) = preSolution
		HideSolutionNode = FALSE
	EndGlobalSection
	GlobalSection(ExtensibilityGlobals) = postSolution
		SolutionGuid = {6173EB19-11E5-4ECC-9096-027F933D8412}
	EndGlobalSection
EndGlobal
